
Microsoft Visual Studio Solution File, Format Version 12.00
# Visual Studio Version 16
VisualStudioVersion = 16.0.30309.148
MinimumVisualStudioVersion = 10.0.40219.1
Project("{FAE04EC0-301F-11D3-BF4B-00C04F79EFBC}") = "StateMachines", "StateMachines\StateMachines.csproj", "{BD2B392C-805C-4ED6-AC8A-E03C8CE7DC37}"
EndProject
Project("{2150E333-8FDC-42A3-9474-1A3956D46DE8}") = "Tests", "Tests", "{3CA2D687-5B48-43D2-BFC9-9AA5A3E91C0A}"
EndProject
Project("{FAE04EC0-301F-11D3-BF4B-00C04F79EFBC}") = "Test.Non-Emumeration", "Tests\Test.Non-Emumeration\Test.Non-Emumeration.csproj", "{AAC1E96F-DCFB-4BF9-8600-6BB46A52DE66}"
EndProject
Project("{FAE04EC0-301F-11D3-BF4B-00C04F79EFBC}") = "TestDoor", "Tests\TestDoor\TestDoor.csproj", "{50CF6CA2-818E-4208-9A68-8FB5078FC9EE}"
EndProject
Project("{FAE04EC0-301F-11D3-BF4B-00C04F79EFBC}") = "TestGrid", "Tests\TestGrid\TestGrid.csproj", "{09CB4C98-495E-489C-BAA0-9A2BDDFD7511}"
EndProject
Project("{FAE04EC0-301F-11D3-BF4B-00C04F79EFBC}") = "TestZoo", "Tests\TestZoo\TestZoo.csproj", "{3AD60D10-DEAA-465F-9FA7-7782FCE5AAE1}"
EndProject
Project("{FAE04EC0-301F-11D3-BF4B-00C04F79EFBC}") = "Test.Transducer.Car", "Tests\Test.Transducer.Car\Test.Transducer.Car.csproj", "{CF42B7CB-F66F-48D3-8BC3-0C5EF39E6D9F}"
EndProject
Global
	GlobalSection(SolutionConfigurationPlatforms) = preSolution
		Debug|Any CPU = Debug|Any CPU
		Release|Any CPU = Release|Any CPU
	EndGlobalSection
	GlobalSection(ProjectConfigurationPlatforms) = postSolution
		{BD2B392C-805C-4ED6-AC8A-E03C8CE7DC37}.Debug|Any CPU.ActiveCfg = Debug|Any CPU
		{BD2B392C-805C-4ED6-AC8A-E03C8CE7DC37}.Debug|Any CPU.Build.0 = Debug|Any CPU
		{BD2B392C-805C-4ED6-AC8A-E03C8CE7DC37}.Release|Any CPU.ActiveCfg = Release|Any CPU
		{BD2B392C-805C-4ED6-AC8A-E03C8CE7DC37}.Release|Any CPU.Build.0 = Release|Any CPU
		{AAC1E96F-DCFB-4BF9-8600-6BB46A52DE66}.Debug|Any CPU.ActiveCfg = Debug|Any CPU
		{AAC1E96F-DCFB-4BF9-8600-6BB46A52DE66}.Debug|Any CPU.Build.0 = Debug|Any CPU
		{AAC1E96F-DCFB-4BF9-8600-6BB46A52DE66}.Release|Any CPU.ActiveCfg = Release|Any CPU
		{AAC1E96F-DCFB-4BF9-8600-6BB46A52DE66}.Release|Any CPU.Build.0 = Release|Any CPU
		{50CF6CA2-818E-4208-9A68-8FB5078FC9EE}.Debug|Any CPU.ActiveCfg = Debug|Any CPU
		{50CF6CA2-818E-4208-9A68-8FB5078FC9EE}.Debug|Any CPU.Build.0 = Debug|Any CPU
		{50CF6CA2-818E-4208-9A68-8FB5078FC9EE}.Release|Any CPU.ActiveCfg = Release|Any CPU
		{50CF6CA2-818E-4208-9A68-8FB5078FC9EE}.Release|Any CPU.Build.0 = Release|Any CPU
		{09CB4C98-495E-489C-BAA0-9A2BDDFD7511}.Debug|Any CPU.ActiveCfg = Debug|Any CPU
		{09CB4C98-495E-489C-BAA0-9A2BDDFD7511}.Debug|Any CPU.Build.0 = Debug|Any CPU
		{09CB4C98-495E-489C-BAA0-9A2BDDFD7511}.Release|Any CPU.ActiveCfg = Release|Any CPU
		{09CB4C98-495E-489C-BAA0-9A2BDDFD7511}.Release|Any CPU.Build.0 = Release|Any CPU
		{3AD60D10-DEAA-465F-9FA7-7782FCE5AAE1}.Debug|Any CPU.ActiveCfg = Debug|Any CPU
		{3AD60D10-DEAA-465F-9FA7-7782FCE5AAE1}.Debug|Any CPU.Build.0 = Debug|Any CPU
		{3AD60D10-DEAA-465F-9FA7-7782FCE5AAE1}.Release|Any CPU.ActiveCfg = Release|Any CPU
		{3AD60D10-DEAA-465F-9FA7-7782FCE5AAE1}.Release|Any CPU.Build.0 = Release|Any CPU
		{CF42B7CB-F66F-48D3-8BC3-0C5EF39E6D9F}.Debug|Any CPU.ActiveCfg = Debug|Any CPU
		{CF42B7CB-F66F-48D3-8BC3-0C5EF39E6D9F}.Debug|Any CPU.Build.0 = Debug|Any CPU
		{CF42B7CB-F66F-48D3-8BC3-0C5EF39E6D9F}.Release|Any CPU.ActiveCfg = Release|Any CPU
		{CF42B7CB-F66F-48D3-8BC3-0C5EF39E6D9F}.Release|Any CPU.Build.0 = Release|Any CPU
	EndGlobalSection
	GlobalSection(SolutionProperties) = preSolution
		HideSolutionNode = FALSE
	EndGlobalSection
	GlobalSection(ExtensibilityGlobals) = postSolution
		SolutionGuid = {A6324645-EF08-4737-8B72-D543F26A2908}
	EndGlobalSection
	GlobalSection(NestedProjects) = preSolution
		{AAC1E96F-DCFB-4BF9-8600-6BB46A52DE66} = {3CA2D687-5B48-43D2-BFC9-9AA5A3E91C0A}
		{50CF6CA2-818E-4208-9A68-8FB5078FC9EE} = {3CA2D687-5B48-43D2-BFC9-9AA5A3E91C0A}
		{09CB4C98-495E-489C-BAA0-9A2BDDFD7511} = {3CA2D687-5B48-43D2-BFC9-9AA5A3E91C0A}
		{3AD60D10-DEAA-465F-9FA7-7782FCE5AAE1} = {3CA2D687-5B48-43D2-BFC9-9AA5A3E91C0A}
		{CF42B7CB-F66F-48D3-8BC3-0C5EF39E6D9F} = {3CA2D687-5B48-43D2-BFC9-9AA5A3E91C0A}
	EndGlobalSection
EndGlobal
